
Microsoft Visual Studio Solution File, Format Version 12.00
# Visual Studio Version 17
VisualStudioVersion = 17.7.34031.279
MinimumVisualStudioVersion = 10.0.40219.1
Project("{9A19103F-16F7-4668-BE54-9A1E7A4F7556}") = "NLayer.Core", "NLayer.Core\NLayer.Core.csproj", "{39CD304B-E96B-4911-A288-A2EBBA5019A3}"
EndProject
Project("{9A19103F-16F7-4668-BE54-9A1E7A4F7556}") = "NLayer.Repository", "NLayer-Repository\NLayer.Repository.csproj", "{A744A344-4759-4AED-BA85-AB60889DE6D9}"
EndProject
Project("{9A19103F-16F7-4668-BE54-9A1E7A4F7556}") = "NLayer.Service", "NLayer.Service\NLayer.Service.csproj", "{A699E782-07B1-4E48-AC2A-04C0F49E6494}"
EndProject
Project("{9A19103F-16F7-4668-BE54-9A1E7A4F7556}") = "NLayer.API", "NLayer.API\NLayer.API.csproj", "{FEDB6DF1-D49E-433D-828A-40DA772AA6FA}"
EndProject
Project("{9A19103F-16F7-4668-BE54-9A1E7A4F7556}") = "NLayer.Web", "NLayer.Web\NLayer.Web.csproj", "{B4506CE1-B273-4114-949C-25FC46FFB51B}"
EndProject
Project("{9A19103F-16F7-4668-BE54-9A1E7A4F7556}") = "NLayer.Caching", "NLayer.Caching\NLayer.Caching.csproj", "{54CA9D23-497C-4F3A-BDFF-4034D00701B7}"
EndProject
Project("{2150E333-8FDC-42A3-9474-1A3956D46DE8}") = "Solution Items", "Solution Items", "{28D9A6DE-B006-470A-9C4C-1719591B0074}"
	ProjectSection(SolutionItems) = preProject
		.editorconfig = .editorconfig
	EndProjectSection
EndProject
Global
	GlobalSection(SolutionConfigurationPlatforms) = preSolution
		Debug|Any CPU = Debug|Any CPU
		Release|Any CPU = Release|Any CPU
	EndGlobalSection
	GlobalSection(ProjectConfigurationPlatforms) = postSolution
		{39CD304B-E96B-4911-A288-A2EBBA5019A3}.Debug|Any CPU.ActiveCfg = Debug|Any CPU
		{39CD304B-E96B-4911-A288-A2EBBA5019A3}.Debug|Any CPU.Build.0 = Debug|Any CPU
		{39CD304B-E96B-4911-A288-A2EBBA5019A3}.Release|Any CPU.ActiveCfg = Release|Any CPU
		{39CD304B-E96B-4911-A288-A2EBBA5019A3}.Release|Any CPU.Build.0 = Release|Any CPU
		{A744A344-4759-4AED-BA85-AB60889DE6D9}.Debug|Any CPU.ActiveCfg = Debug|Any CPU
		{A744A344-4759-4AED-BA85-AB60889DE6D9}.Debug|Any CPU.Build.0 = Debug|Any CPU
		{A744A344-4759-4AED-BA85-AB60889DE6D9}.Release|Any CPU.ActiveCfg = Release|Any CPU
		{A744A344-4759-4AED-BA85-AB60889DE6D9}.Release|Any CPU.Build.0 = Release|Any CPU
		{A699E782-07B1-4E48-AC2A-04C0F49E6494}.Debug|Any CPU.ActiveCfg = Debug|Any CPU
		{A699E782-07B1-4E48-AC2A-04C0F49E6494}.Debug|Any CPU.Build.0 = Debug|Any CPU
		{A699E782-07B1-4E48-AC2A-04C0F49E6494}.Release|Any CPU.ActiveCfg = Release|Any CPU
		{A699E782-07B1-4E48-AC2A-04C0F49E6494}.Release|Any CPU.Build.0 = Release|Any CPU
		{FEDB6DF1-D49E-433D-828A-40DA772AA6FA}.Debug|Any CPU.ActiveCfg = Debug|Any CPU
		{FEDB6DF1-D49E-433D-828A-40DA772AA6FA}.Debug|Any CPU.Build.0 = Debug|Any CPU
		{FEDB6DF1-D49E-433D-828A-40DA772AA6FA}.Release|Any CPU.ActiveCfg = Release|Any CPU
		{FEDB6DF1-D49E-433D-828A-40DA772AA6FA}.Release|Any CPU.Build.0 = Release|Any CPU
		{B4506CE1-B273-4114-949C-25FC46FFB51B}.Debug|Any CPU.ActiveCfg = Debug|Any CPU
		{B4506CE1-B273-4114-949C-25FC46FFB51B}.Debug|Any CPU.Build.0 = Debug|Any CPU
		{B4506CE1-B273-4114-949C-25FC46FFB51B}.Release|Any CPU.ActiveCfg = Release|Any CPU
		{B4506CE1-B273-4114-949C-25FC46FFB51B}.Release|Any CPU.Build.0 = Release|Any CPU
		{54CA9D23-497C-4F3A-BDFF-4034D00701B7}.Debug|Any CPU.ActiveCfg = Debug|Any CPU
		{54CA9D23-497C-4F3A-BDFF-4034D00701B7}.Debug|Any CPU.Build.0 = Debug|Any CPU
		{54CA9D23-497C-4F3A-BDFF-4034D00701B7}.Release|Any CPU.ActiveCfg = Release|Any CPU
		{54CA9D23-497C-4F3A-BDFF-4034D00701B7}.Release|Any CPU.Build.0 = Release|Any CPU
	EndGlobalSection
	GlobalSection(SolutionProperties) = preSolution
		HideSolutionNode = FALSE
	EndGlobalSection
	GlobalSection(ExtensibilityGlobals) = postSolution
		SolutionGuid = {9F96FCD8-F91D-4478-8535-3C7D86442FBF}
	EndGlobalSection
EndGlobal
